{
  "artel/archivist/control.py": "a7d1ba34dc806313edc52abfcca1dbb17a9036162042970b5d5fbbfa81b13334",
  "artel/server/app.py": "29c4397eb172d2fed7f8d6dbdd3e6c1585b31cb5482a97f3ec1a8bf0ae17dee1",
  "artel/server/auth.py": "5b76e85f85bd56ee3024d4063393d4827b996f46f3556f10293dbeead3b5f9a8",
  "artel/server/auth.py::_memberships": "2ee1f9dc52968c873e16242fea7fd9bd714a0f480088a1c5a5d56dc36f584ad3",
  "artel/server/auth.py::role_of": "bff0e9b28efa8054ba396639b5255427bf47e82ebed8cfbb659ea1961ab24e67",
  "artel/server/models.py": "8ab4c9bb76cc03a9a6aab5a801d72ef93db6163496a586fa871c209d6958c644",
  "artel/server/routes/memory.py": "0a853599ddc0d39b255dd7760022780872908eaaa41fe5a00d440848417ed7a2",
  "artel/server/routes/tasks.py": "087f872c71089068c70b62776c86579d1d885276bff5efe05d031706067ef230",
  "artel/store/decay.py": "53d36fe8cf389b018ff65c1ef74d40f1736f40b513a76613834a316fa2a28bb9"
}
